
Microsoft Visual Studio Solution File, Format Version 12.00
# Visual Studio 2013
VisualStudioVersion = 12.0.30723.0
MinimumVisualStudioVersion = 10.0.40219.1
Project("{FAE04EC0-301F-11D3-BF4B-00C04F79EFBC}") = "Reqis", "Reqis.csproj", "{032589DB-0DF9-4F11-89F4-74E67611C0F5}"
EndProject
Project("{FAE04EC0-301F-11D3-BF4B-00C04F79EFBC}") = "Reqis.Indexer", "..\Reqis.Indexer\Reqis.Indexer.csproj", "{389A36C9-54D8-4B53-A492-9F1205428217}"
EndProject
Project("{FAE04EC0-301F-11D3-BF4B-00C04F79EFBC}") = "Reqis.Enquirer", "Reqis.Enquirer\Reqis.Enquirer.csproj", "{4FEB8793-CA2F-40EC-8BFB-A0F70D10371E}"
EndProject
Global
	GlobalSection(SolutionConfigurationPlatforms) = preSolution
		Debug|Any CPU = Debug|Any CPU
		Release|Any CPU = Release|Any CPU
	EndGlobalSection
	GlobalSection(ProjectConfigurationPlatforms) = postSolution
		{032589DB-0DF9-4F11-89F4-74E67611C0F5}.Debug|Any CPU.ActiveCfg = Debug|Any CPU
		{032589DB-0DF9-4F11-89F4-74E67611C0F5}.Debug|Any CPU.Build.0 = Debug|Any CPU
		{032589DB-0DF9-4F11-89F4-74E67611C0F5}.Release|Any CPU.ActiveCfg = Release|Any CPU
		{032589DB-0DF9-4F11-89F4-74E67611C0F5}.Release|Any CPU.Build.0 = Release|Any CPU
		{389A36C9-54D8-4B53-A492-9F1205428217}.Debug|Any CPU.ActiveCfg = Debug|Any CPU
		{389A36C9-54D8-4B53-A492-9F1205428217}.Debug|Any CPU.Build.0 = Debug|Any CPU
		{389A36C9-54D8-4B53-A492-9F1205428217}.Release|Any CPU.ActiveCfg = Release|Any CPU
		{389A36C9-54D8-4B53-A492-9F1205428217}.Release|Any CPU.Build.0 = Release|Any CPU
		{4FEB8793-CA2F-40EC-8BFB-A0F70D10371E}.Debug|Any CPU.ActiveCfg = Debug|Any CPU
		{4FEB8793-CA2F-40EC-8BFB-A0F70D10371E}.Debug|Any CPU.Build.0 = Debug|Any CPU
		{4FEB8793-CA2F-40EC-8BFB-A0F70D10371E}.Release|Any CPU.ActiveCfg = Release|Any CPU
		{4FEB8793-CA2F-40EC-8BFB-A0F70D10371E}.Release|Any CPU.Build.0 = Release|Any CPU
	EndGlobalSection
	GlobalSection(SolutionProperties) = preSolution
		HideSolutionNode = FALSE
	EndGlobalSection
EndGlobal
